
Microsoft Visual Studio Solution File, Format Version 12.00
# Visual Studio 14
VisualStudioVersion = 14.0.25420.1
MinimumVisualStudioVersion = 10.0.40219.1
Project("{FAE04EC0-301F-11D3-BF4B-00C04F79EFBC}") = "HelloWorld", "HelloWorld\HelloWorld.csproj", "{3CE42B94-E473-4704-9924-EBBAF3051BDE}"
EndProject
Project("{FAE04EC0-301F-11D3-BF4B-00C04F79EFBC}") = "Business.HelloWorld", "Business.HelloWorld\Business.HelloWorld.csproj", "{B587A4B2-9364-40F3-BE18-554CA25DF847}"
EndProject
Project("{FAE04EC0-301F-11D3-BF4B-00C04F79EFBC}") = "API.HelloWorld", "API.HelloWorld\API.HelloWorld.csproj", "{32FD5C06-C300-4173-834F-240136F7A63B}"
EndProject
Project("{FAE04EC0-301F-11D3-BF4B-00C04F79EFBC}") = "API.HelloWorld.Tests", "API.HelloWorld.Tests\API.HelloWorld.Tests.csproj", "{C74D4AE3-D885-4B41-A6CF-49BB70F7FF48}"
EndProject
Global
	GlobalSection(SolutionConfigurationPlatforms) = preSolution
		Debug|Any CPU = Debug|Any CPU
		Release|Any CPU = Release|Any CPU
	EndGlobalSection
	GlobalSection(ProjectConfigurationPlatforms) = postSolution
		{3CE42B94-E473-4704-9924-EBBAF3051BDE}.Debug|Any CPU.ActiveCfg = Debug|Any CPU
		{3CE42B94-E473-4704-9924-EBBAF3051BDE}.Debug|Any CPU.Build.0 = Debug|Any CPU
		{3CE42B94-E473-4704-9924-EBBAF3051BDE}.Release|Any CPU.ActiveCfg = Release|Any CPU
		{3CE42B94-E473-4704-9924-EBBAF3051BDE}.Release|Any CPU.Build.0 = Release|Any CPU
		{B587A4B2-9364-40F3-BE18-554CA25DF847}.Debug|Any CPU.ActiveCfg = Debug|Any CPU
		{B587A4B2-9364-40F3-BE18-554CA25DF847}.Debug|Any CPU.Build.0 = Debug|Any CPU
		{B587A4B2-9364-40F3-BE18-554CA25DF847}.Release|Any CPU.ActiveCfg = Release|Any CPU
		{B587A4B2-9364-40F3-BE18-554CA25DF847}.Release|Any CPU.Build.0 = Release|Any CPU
		{32FD5C06-C300-4173-834F-240136F7A63B}.Debug|Any CPU.ActiveCfg = Debug|Any CPU
		{32FD5C06-C300-4173-834F-240136F7A63B}.Debug|Any CPU.Build.0 = Debug|Any CPU
		{32FD5C06-C300-4173-834F-240136F7A63B}.Release|Any CPU.ActiveCfg = Release|Any CPU
		{32FD5C06-C300-4173-834F-240136F7A63B}.Release|Any CPU.Build.0 = Release|Any CPU
		{C74D4AE3-D885-4B41-A6CF-49BB70F7FF48}.Debug|Any CPU.ActiveCfg = Debug|Any CPU
		{C74D4AE3-D885-4B41-A6CF-49BB70F7FF48}.Debug|Any CPU.Build.0 = Debug|Any CPU
		{C74D4AE3-D885-4B41-A6CF-49BB70F7FF48}.Release|Any CPU.ActiveCfg = Release|Any CPU
		{C74D4AE3-D885-4B41-A6CF-49BB70F7FF48}.Release|Any CPU.Build.0 = Release|Any CPU
	EndGlobalSection
	GlobalSection(SolutionProperties) = preSolution
		HideSolutionNode = FALSE
	EndGlobalSection
EndGlobal
